// !$*UTF8*$!
{
	archiveVersion = 1;
	classes = {
	};
	objectVersion = 46;
	objects = {

/* Begin PBXBuildFile section */
		630013B41F9CA98A00C68B29 /* IBInspectable.swift in Sources */ = {isa = PBXBuildFile; fileRef = 630013B31F9CA98A00C68B29 /* IBInspectable.swift */; };
		630013B61F9CB9C200C68B29 /* KeyboardObserver.swift in Sources */ = {isa = PBXBuildFile; fileRef = 630013B51F9CB9C200C68B29 /* KeyboardObserver.swift */; };
		630013BA1F9CBEF600C68B29 /* NetworkSession.swift in Sources */ = {isa = PBXBuildFile; fileRef = 630013B91F9CBEF600C68B29 /* NetworkSession.swift */; };
		630013BC1F9CBF1800C68B29 /* RequestBuilder.swift in Sources */ = {isa = PBXBuildFile; fileRef = 630013BB1F9CBF1800C68B29 /* RequestBuilder.swift */; };
		630013BE1F9CBF2700C68B29 /* ChatService.swift in Sources */ = {isa = PBXBuildFile; fileRef = 630013BD1F9CBF2700C68B29 /* ChatService.swift */; };
		630013C01F9CCAD000C68B29 /* Promise.swift in Sources */ = {isa = PBXBuildFile; fileRef = 630013BF1F9CCAD000C68B29 /* Promise.swift */; };
		630013C21F9CCAEA00C68B29 /* ImageLoader.swift in Sources */ = {isa = PBXBuildFile; fileRef = 630013C11F9CCAEA00C68B29 /* ImageLoader.swift */; };
		94182B5C1CC9139800194DF7 /* AppDelegate.swift in Sources */ = {isa = PBXBuildFile; fileRef = 94182B5B1CC9139800194DF7 /* AppDelegate.swift */; };
		94182B5E1CC9139800194DF7 /* ViewController.swift in Sources */ = {isa = PBXBuildFile; fileRef = 94182B5D1CC9139800194DF7 /* ViewController.swift */; };
		94182B611CC9139800194DF7 /* Main.storyboard in Resources */ = {isa = PBXBuildFile; fileRef = 94182B5F1CC9139800194DF7 /* Main.storyboard */; };
		94182B631CC9139800194DF7 /* Assets.xcassets in Resources */ = {isa = PBXBuildFile; fileRef = 94182B621CC9139800194DF7 /* Assets.xcassets */; };
		94182B661CC9139800194DF7 /* LaunchScreen.storyboard in Resources */ = {isa = PBXBuildFile; fileRef = 94182B641CC9139800194DF7 /* LaunchScreen.storyboard */; };
		94182B711CC9139800194DF7 /* ChatBotTests.swift in Sources */ = {isa = PBXBuildFile; fileRef = 94182B701CC9139800194DF7 /* ChatBotTests.swift */; };
		94182B7C1CC9139800194DF7 /* ChatBotUITests.swift in Sources */ = {isa = PBXBuildFile; fileRef = 94182B7B1CC9139800194DF7 /* ChatBotUITests.swift */; };
		94182B8A1CC9371A00194DF7 /* ChatViewController.swift in Sources */ = {isa = PBXBuildFile; fileRef = 94182B891CC9371A00194DF7 /* ChatViewController.swift */; };
		94E23D4A1CCA20CA00BAC252 /* ChatBubble.xib in Resources */ = {isa = PBXBuildFile; fileRef = 94E23D491CCA20CA00BAC252 /* ChatBubble.xib */; };
		94E23D4C1CCA260700BAC252 /* ChatBubble.swift in Sources */ = {isa = PBXBuildFile; fileRef = 94E23D4B1CCA260700BAC252 /* ChatBubble.swift */; };
		94E23D4E1CCA355800BAC252 /* Message.swift in Sources */ = {isa = PBXBuildFile; fileRef = 94E23D4D1CCA355800BAC252 /* Message.swift */; };
/* End PBXBuildFile section */

/* Begin PBXContainerItemProxy section */
		94182B6D1CC9139800194DF7 /* PBXContainerItemProxy */ = {
			isa = PBXContainerItemProxy;
			containerPortal = 94182B501CC9139700194DF7 /* Project object */;
			proxyType = 1;
			remoteGlobalIDString = 94182B571CC9139700194DF7;
			remoteInfo = ChatBot;
		};
		94182B781CC9139800194DF7 /* PBXContainerItemProxy */ = {
			isa = PBXContainerItemProxy;
			containerPortal = 94182B501CC9139700194DF7 /* Project object */;
			proxyType = 1;
			remoteGlobalIDString = 94182B571CC9139700194DF7;
			remoteInfo = ChatBot;
		};
/* End PBXContainerItemProxy section */

/* Begin PBXFileReference section */
		630013B31F9CA98A00C68B29 /* IBInspectable.swift */ = {isa = PBXFileReference; lastKnownFileType = sourcecode.swift; path = IBInspectable.swift; sourceTree = "<group>"; };
		630013B51F9CB9C200C68B29 /* KeyboardObserver.swift */ = {isa = PBXFileReference; lastKnownFileType = sourcecode.swift; path = KeyboardObserver.swift; sourceTree = "<group>"; };
		630013B91F9CBEF600C68B29 /* NetworkSession.swift */ = {isa = PBXFileReference; lastKnownFileType = sourcecode.swift; path = NetworkSession.swift; sourceTree = "<group>"; };
		630013BB1F9CBF1800C68B29 /* RequestBuilder.swift */ = {isa = PBXFileReference; lastKnownFileType = sourcecode.swift; path = RequestBuilder.swift; sourceTree = "<group>"; };
		630013BD1F9CBF2700C68B29 /* ChatService.swift */ = {isa = PBXFileReference; lastKnownFileType = sourcecode.swift; path = ChatService.swift; sourceTree = "<group>"; };
		630013BF1F9CCAD000C68B29 /* Promise.swift */ = {isa = PBXFileReference; lastKnownFileType = sourcecode.swift; path = Promise.swift; sourceTree = "<group>"; };
		630013C11F9CCAEA00C68B29 /* ImageLoader.swift */ = {isa = PBXFileReference; lastKnownFileType = sourcecode.swift; path = ImageLoader.swift; sourceTree = "<group>"; };
		94182B581CC9139700194DF7 /* ChatBot.app */ = {isa = PBXFileReference; explicitFileType = wrapper.application; includeInIndex = 0; path = ChatBot.app; sourceTree = BUILT_PRODUCTS_DIR; };
		94182B5B1CC9139800194DF7 /* AppDelegate.swift */ = {isa = PBXFileReference; lastKnownFileType = sourcecode.swift; path = AppDelegate.swift; sourceTree = "<group>"; };
		94182B5D1CC9139800194DF7 /* ViewController.swift */ = {isa = PBXFileReference; lastKnownFileType = sourcecode.swift; path = ViewController.swift; sourceTree = "<group>"; };
		94182B601CC9139800194DF7 /* Base */ = {isa = PBXFileReference; lastKnownFileType = file.storyboard; name = Base; path = Base.lproj/Main.storyboard; sourceTree = "<group>"; };
		94182B621CC9139800194DF7 /* Assets.xcassets */ = {isa = PBXFileReference; lastKnownFileType = folder.assetcatalog; path = Assets.xcassets; sourceTree = "<group>"; };
		94182B651CC9139800194DF7 /* Base */ = {isa = PBXFileReference; lastKnownFileType = file.storyboard; name = Base; path = Base.lproj/LaunchScreen.storyboard; sourceTree = "<group>"; };
		94182B671CC9139800194DF7 /* Info.plist */ = {isa = PBXFileReference; lastKnownFileType = text.plist.xml; path = Info.plist; sourceTree = "<group>"; };
		94182B6C1CC9139800194DF7 /* ChatBotTests.xctest */ = {isa = PBXFileReference; explicitFileType = wrapper.cfbundle; includeInIndex = 0; path = ChatBotTests.xctest; sourceTree = BUILT_PRODUCTS_DIR; };
		94182B701CC9139800194DF7 /* ChatBotTests.swift */ = {isa = PBXFileReference; lastKnownFileType = sourcecode.swift; path = ChatBotTests.swift; sourceTree = "<group>"; };
		94182B721CC9139800194DF7 /* Info.plist */ = {isa = PBXFileReference; lastKnownFileType = text.plist.xml; path = Info.plist; sourceTree = "<group>"; };
		94182B771CC9139800194DF7 /* ChatBotUITests.xctest */ = {isa = PBXFileReference; explicitFileType = wrapper.cfbundle; includeInIndex = 0; path = ChatBotUITests.xctest; sourceTree = BUILT_PRODUCTS_DIR; };
		94182B7B1CC9139800194DF7 /* ChatBotUITests.swift */ = {isa = PBXFileReference; lastKnownFileType = sourcecode.swift; path = ChatBotUITests.swift; sourceTree = "<group>"; };
		94182B7D1CC9139800194DF7 /* Info.plist */ = {isa = PBXFileReference; lastKnownFileType = text.plist.xml; path = Info.plist; sourceTree = "<group>"; };
		94182B891CC9371A00194DF7 /* ChatViewController.swift */ = {isa = PBXFileReference; fileEncoding = 4; lastKnownFileType = sourcecode.swift; path = ChatViewController.swift; sourceTree = "<group>"; };
		94E23D491CCA20CA00BAC252 /* ChatBubble.xib */ = {isa = PBXFileReference; fileEncoding = 4; lastKnownFileType = file.xib; path = ChatBubble.xib; sourceTree = "<group>"; };
		94E23D4B1CCA260700BAC252 /* ChatBubble.swift */ = {isa = PBXFileReference; fileEncoding = 4; lastKnownFileType = sourcecode.swift; path = ChatBubble.swift; sourceTree = "<group>"; };
		94E23D4D1CCA355800BAC252 /* Message.swift */ = {isa = PBXFileReference; fileEncoding = 4; lastKnownFileType = sourcecode.swift; path = Message.swift; sourceTree = "<group>"; };
/* End PBXFileReference section */

/* Begin PBXFrameworksBuildPhase section */
		94182B551CC9139700194DF7 /* Frameworks */ = {
			isa = PBXFrameworksBuildPhase;
			buildActionMask = 2147483647;
			files = (
			);
			runOnlyForDeploymentPostprocessing = 0;
		};
		94182B691CC9139800194DF7 /* Frameworks */ = {
			isa = PBXFrameworksBuildPhase;
			buildActionMask = 2147483647;
			files = (
			);
			runOnlyForDeploymentPostprocessing = 0;
		};
		94182B741CC9139800194DF7 /* Frameworks */ = {
			isa = PBXFrameworksBuildPhase;
			buildActionMask = 2147483647;
			files = (
			);
			runOnlyForDeploymentPostprocessing = 0;
		};
/* End PBXFrameworksBuildPhase section */

/* Begin PBXGroup section */
		94182B4F1CC9139700194DF7 = {
			isa = PBXGroup;
			children = (
				94182B5A1CC9139800194DF7 /* ChatBot */,
				94182B6F1CC9139800194DF7 /* ChatBotTests */,
				94182B7A1CC9139800194DF7 /* ChatBotUITests */,
				94182B591CC9139700194DF7 /* Products */,
			);
			sourceTree = "<group>";
		};
		94182B591CC9139700194DF7 /* Products */ = {
			isa = PBXGroup;
			children = (
				94182B581CC9139700194DF7 /* ChatBot.app */,
				94182B6C1CC9139800194DF7 /* ChatBotTests.xctest */,
				94182B771CC9139800194DF7 /* ChatBotUITests.xctest */,
			);
			name = Products;
			sourceTree = "<group>";
		};
		94182B5A1CC9139800194DF7 /* ChatBot */ = {
			isa = PBXGroup;
			children = (
				94182B5B1CC9139800194DF7 /* AppDelegate.swift */,
				94182B891CC9371A00194DF7 /* ChatViewController.swift */,
				630013B91F9CBEF600C68B29 /* NetworkSession.swift */,
				630013BB1F9CBF1800C68B29 /* RequestBuilder.swift */,
				630013BD1F9CBF2700C68B29 /* ChatService.swift */,
				94182B5D1CC9139800194DF7 /* ViewController.swift */,
				630013B31F9CA98A00C68B29 /* IBInspectable.swift */,
				630013B51F9CB9C200C68B29 /* KeyboardObserver.swift */,
				94182B5F1CC9139800194DF7 /* Main.storyboard */,
				94182B621CC9139800194DF7 /* Assets.xcassets */,
				94182B641CC9139800194DF7 /* LaunchScreen.storyboard */,
				94182B671CC9139800194DF7 /* Info.plist */,
				94E23D491CCA20CA00BAC252 /* ChatBubble.xib */,
				94E23D4B1CCA260700BAC252 /* ChatBubble.swift */,
				94E23D4D1CCA355800BAC252 /* Message.swift */,
				630013BF1F9CCAD000C68B29 /* Promise.swift */,
				630013C11F9CCAEA00C68B29 /* ImageLoader.swift */,
			);
			path = ChatBot;
			sourceTree = "<group>";
		};
		94182B6F1CC9139800194DF7 /* ChatBotTests */ = {
			isa = PBXGroup;
			children = (
				94182B701CC9139800194DF7 /* ChatBotTests.swift */,
				94182B721CC9139800194DF7 /* Info.plist */,
			);
			path = ChatBotTests;
			sourceTree = "<group>";
		};
		94182B7A1CC9139800194DF7 /* ChatBotUITests */ = {
			isa = PBXGroup;
			children = (
				94182B7B1CC9139800194DF7 /* ChatBotUITests.swift */,
				94182B7D1CC9139800194DF7 /* Info.plist */,
			);
			path = ChatBotUITests;
			sourceTree = "<group>";
		};
/* End PBXGroup section */

/* Begin PBXNativeTarget section */
		94182B571CC9139700194DF7 /* ChatBot */ = {
			isa = PBXNativeTarget;
			buildConfigurationList = 94182B801CC9139800194DF7 /* Build configuration list for PBXNativeTarget "ChatBot" */;
			buildPhases = (
				94182B541CC9139700194DF7 /* Sources */,
				94182B551CC9139700194DF7 /* Frameworks */,
				94182B561CC9139700194DF7 /* Resources */,
			);
			buildRules = (
			);
			dependencies = (
			);
			name = ChatBot;
			productName = ChatBot;
			productReference = 94182B581CC9139700194DF7 /* ChatBot.app */;
			productType = "com.apple.product-type.application";
		};
		94182B6B1CC9139800194DF7 /* ChatBotTests */ = {
			isa = PBXNativeTarget;
			buildConfigurationList = 94182B831CC9139800194DF7 /* Build configuration list for PBXNativeTarget "ChatBotTests" */;
			buildPhases = (
				94182B681CC9139800194DF7 /* Sources */,
				94182B691CC9139800194DF7 /* Frameworks */,
				94182B6A1CC9139800194DF7 /* Resources */,
			);
			buildRules = (
			);
			dependencies = (
				94182B6E1CC9139800194DF7 /* PBXTargetDependency */,
			);
			name = ChatBotTests;
			productName = ChatBotTests;
			productReference = 94182B6C1CC9139800194DF7 /* ChatBotTests.xctest */;
			productType = "com.apple.product-type.bundle.unit-test";
		};
		94182B761CC9139800194DF7 /* ChatBotUITests */ = {
			isa = PBXNativeTarget;
			buildConfigurationList = 94182B861CC9139800194DF7 /* Build configuration list for PBXNativeTarget "ChatBotUITests" */;
			buildPhases = (
				94182B731CC9139800194DF7 /* Sources */,
				94182B741CC9139800194DF7 /* Frameworks */,
				94182B751CC9139800194DF7 /* Resources */,
			);
			buildRules = (
			);
			dependencies = (
				94182B791CC9139800194DF7 /* PBXTargetDependency */,
			);
			name = ChatBotUITests;
			productName = ChatBotUITests;
			productReference = 94182B771CC9139800194DF7 /* ChatBotUITests.xctest */;
			productType = "com.apple.product-type.bundle.ui-testing";
		};
/* End PBXNativeTarget section */

/* Begin PBXProject section */
		94182B501CC9139700194DF7 /* Project object */ = {
			isa = PBXProject;
			attributes = {
				LastSwiftUpdateCheck = 0730;
				LastUpgradeCheck = 0730;
				ORGANIZATIONNAME = Schibsted;
				TargetAttributes = {
					94182B571CC9139700194DF7 = {
						CreatedOnToolsVersion = 7.3;
						LastSwiftMigration = 0800;
					};
					94182B6B1CC9139800194DF7 = {
						CreatedOnToolsVersion = 7.3;
						LastSwiftMigration = 0800;
						TestTargetID = 94182B571CC9139700194DF7;
					};
					94182B761CC9139800194DF7 = {
						CreatedOnToolsVersion = 7.3;
						LastSwiftMigration = 0800;
						TestTargetID = 94182B571CC9139700194DF7;
					};
				};
			};
			buildConfigurationList = 94182B531CC9139700194DF7 /* Build configuration list for PBXProject "ChatBot" */;
			compatibilityVersion = "Xcode 3.2";
			developmentRegion = English;
			hasScannedForEncodings = 0;
			knownRegions = (
				en,
				Base,
			);
			mainGroup = 94182B4F1CC9139700194DF7;
			productRefGroup = 94182B591CC9139700194DF7 /* Products */;
			projectDirPath = "";
			projectRoot = "";
			targets = (
				94182B571CC9139700194DF7 /* ChatBot */,
				94182B6B1CC9139800194DF7 /* ChatBotTests */,
				94182B761CC9139800194DF7 /* ChatBotUITests */,
			);
		};
/* End PBXProject section */

/* Begin PBXResourcesBuildPhase section */
		94182B561CC9139700194DF7 /* Resources */ = {
			isa = PBXResourcesBuildPhase;
			buildActionMask = 2147483647;
			files = (
				94182B661CC9139800194DF7 /* LaunchScreen.storyboard in Resources */,
				94182B631CC9139800194DF7 /* Assets.xcassets in Resources */,
				94182B611CC9139800194DF7 /* Main.storyboard in Resources */,
				94E23D4A1CCA20CA00BAC252 /* ChatBubble.xib in Resources */,
			);
			runOnlyForDeploymentPostprocessing = 0;
		};
		94182B6A1CC9139800194DF7 /* Resources */ = {
			isa = PBXResourcesBuildPhase;
			buildActionMask = 2147483647;
			files = (
			);
			runOnlyForDeploymentPostprocessing = 0;
		};
		94182B751CC9139800194DF7 /* Resources */ = {
			isa = PBXResourcesBuildPhase;
			buildActionMask = 2147483647;
			files = (
			);
			runOnlyForDeploymentPostprocessing = 0;
		};
/* End PBXResourcesBuildPhase section */

/* Begin PBXSourcesBuildPhase section */
		94182B541CC9139700194DF7 /* Sources */ = {
			isa = PBXSourcesBuildPhase;
			buildActionMask = 2147483647;
			files = (
				94182B5E1CC9139800194DF7 /* ViewController.swift in Sources */,
				630013C01F9CCAD000C68B29 /* Promise.swift in Sources */,
				630013C21F9CCAEA00C68B29 /* ImageLoader.swift in Sources */,
				630013B41F9CA98A00C68B29 /* IBInspectable.swift in Sources */,
				630013B61F9CB9C200C68B29 /* KeyboardObserver.swift in Sources */,
				630013BE1F9CBF2700C68B29 /* ChatService.swift in Sources */,
				630013BC1F9CBF1800C68B29 /* RequestBuilder.swift in Sources */,
				94182B8A1CC9371A00194DF7 /* ChatViewController.swift in Sources */,
				94E23D4E1CCA355800BAC252 /* Message.swift in Sources */,
				630013BA1F9CBEF600C68B29 /* NetworkSession.swift in Sources */,
				94182B5C1CC9139800194DF7 /* AppDelegate.swift in Sources */,
				94E23D4C1CCA260700BAC252 /* ChatBubble.swift in Sources */,
			);
			runOnlyForDeploymentPostprocessing = 0;
		};
		94182B681CC9139800194DF7 /* Sources */ = {
			isa = PBXSourcesBuildPhase;
			buildActionMask = 2147483647;
			files = (
				94182B711CC9139800194DF7 /* ChatBotTests.swift in Sources */,
			);
			runOnlyForDeploymentPostprocessing = 0;
		};
		94182B731CC9139800194DF7 /* Sources */ = {
			isa = PBXSourcesBuildPhase;
			buildActionMask = 2147483647;
			files = (
				94182B7C1CC9139800194DF7 /* ChatBotUITests.swift in Sources */,
			);
			runOnlyForDeploymentPostprocessing = 0;
		};
/* End PBXSourcesBuildPhase section */

/* Begin PBXTargetDependency section */
		94182B6E1CC9139800194DF7 /* PBXTargetDependency */ = {
			isa = PBXTargetDependency;
			target = 94182B571CC9139700194DF7 /* ChatBot */;
			targetProxy = 94182B6D1CC9139800194DF7 /* PBXContainerItemProxy */;
		};
		94182B791CC9139800194DF7 /* PBXTargetDependency */ = {
			isa = PBXTargetDependency;
			target = 94182B571CC9139700194DF7 /* ChatBot */;
			targetProxy = 94182B781CC9139800194DF7 /* PBXContainerItemProxy */;
		};
/* End PBXTargetDependency section */

/* Begin PBXVariantGroup section */
		94182B5F1CC9139800194DF7 /* Main.storyboard */ = {
			isa = PBXVariantGroup;
			children = (
				94182B601CC9139800194DF7 /* Base */,
			);
			name = Main.storyboard;
			sourceTree = "<group>";
		};
		94182B641CC9139800194DF7 /* LaunchScreen.storyboard */ = {
			isa = PBXVariantGroup;
			children = (
				94182B651CC9139800194DF7 /* Base */,
			);
			name = LaunchScreen.storyboard;
			sourceTree = "<group>";
		};
/* End PBXVariantGroup section */

/* Begin XCBuildConfiguration section */
		94182B7E1CC9139800194DF7 /* Debug */ = {
			isa = XCBuildConfiguration;
			buildSettings = {
				ALWAYS_SEARCH_USER_PATHS = NO;
				CLANG_ANALYZER_NONNULL = YES;
				CLANG_CXX_LANGUAGE_STANDARD = "gnu++0x";
				CLANG_CXX_LIBRARY = "libc++";
				CLANG_ENABLE_MODULES = YES;
				CLANG_ENABLE_OBJC_ARC = YES;
				CLANG_WARN_BOOL_CONVERSION = YES;
				CLANG_WARN_CONSTANT_CONVERSION = YES;
				CLANG_WARN_DIRECT_OBJC_ISA_USAGE = YES_ERROR;
				CLANG_WARN_EMPTY_BODY = YES;
				CLANG_WARN_ENUM_CONVERSION = YES;
				CLANG_WARN_INT_CONVERSION = YES;
				CLANG_WARN_OBJC_ROOT_CLASS = YES_ERROR;
				CLANG_WARN_UNREACHABLE_CODE = YES;
				CLANG_WARN__DUPLICATE_METHOD_MATCH = YES;
				"CODE_SIGN_IDENTITY[sdk=iphoneos*]" = "iPhone Developer";
				COPY_PHASE_STRIP = NO;
				DEBUG_INFORMATION_FORMAT = dwarf;
				ENABLE_STRICT_OBJC_MSGSEND = YES;
				ENABLE_TESTABILITY = YES;
				GCC_C_LANGUAGE_STANDARD = gnu99;
				GCC_DYNAMIC_NO_PIC = NO;
				GCC_NO_COMMON_BLOCKS = YES;
				GCC_OPTIMIZATION_LEVEL = 0;
				GCC_PREPROCESSOR_DEFINITIONS = (
					"DEBUG=1",
					"$(inherited)",
				);
				GCC_WARN_64_TO_32_BIT_CONVERSION = YES;
				GCC_WARN_ABOUT_RETURN_TYPE = YES_ERROR;
				GCC_WARN_UNDECLARED_SELECTOR = YES;
				GCC_WARN_UNINITIALIZED_AUTOS = YES_AGGRESSIVE;
				GCC_WARN_UNUSED_FUNCTION = YES;
				GCC_WARN_UNUSED_VARIABLE = YES;
				IPHONEOS_DEPLOYMENT_TARGET = 9.3;
				MTL_ENABLE_DEBUG_INFO = YES;
				ONLY_ACTIVE_ARCH = YES;
				SDKROOT = iphoneos;
				SWIFT_OPTIMIZATION_LEVEL = "-Onone";
				TARGETED_DEVICE_FAMILY = "1,2";
			};
			name = Debug;
		};
		94182B7F1CC9139800194DF7 /* Release */ = {
			isa = XCBuildConfiguration;
			buildSettings = {
				ALWAYS_SEARCH_USER_PATHS = NO;
				CLANG_ANALYZER_NONNULL = YES;
				CLANG_CXX_LANGUAGE_STANDARD = "gnu++0x";
				CLANG_CXX_LIBRARY = "libc++";
				CLANG_ENABLE_MODULES = YES;
				CLANG_ENABLE_OBJC_ARC = YES;
				CLANG_WARN_BOOL_CONVERSION = YES;
				CLANG_WARN_CONSTANT_CONVERSION = YES;
				CLANG_WARN_DIRECT_OBJC_ISA_USAGE = YES_ERROR;
				CLANG_WARN_EMPTY_BODY = YES;
				CLANG_WARN_ENUM_CONVERSION = YES;
				CLANG_WARN_INT_CONVERSION = YES;
				CLANG_WARN_OBJC_ROOT_CLASS = YES_ERROR;
				CLANG_WARN_UNREACHABLE_CODE = YES;
				CLANG_WARN__DUPLICATE_METHOD_MATCH = YES;
				"CODE_SIGN_IDENTITY[sdk=iphoneos*]" = "iPhone Developer";
				COPY_PHASE_STRIP = NO;
				DEBUG_INFORMATION_FORMAT = "dwarf-with-dsym";
				ENABLE_NS_ASSERTIONS = NO;
				ENABLE_STRICT_OBJC_MSGSEND = YES;
				GCC_C_LANGUAGE_STANDARD = gnu99;
				GCC_NO_COMMON_BLOCKS = YES;
				GCC_WARN_64_TO_32_BIT_CONVERSION = YES;
				GCC_WARN_ABOUT_RETURN_TYPE = YES_ERROR;
				GCC_WARN_UNDECLARED_SELECTOR = YES;
				GCC_WARN_UNINITIALIZED_AUTOS = YES_AGGRESSIVE;
				GCC_WARN_UNUSED_FUNCTION = YES;
				GCC_WARN_UNUSED_VARIABLE = YES;
				IPHONEOS_DEPLOYMENT_TARGET = 9.3;
				MTL_ENABLE_DEBUG_INFO = NO;
				SDKROOT = iphoneos;
				TARGETED_DEVICE_FAMILY = "1,2";
				VALIDATE_PRODUCT = YES;
			};
			name = Release;
		};
		94182B811CC9139800194DF7 /* Debug */ = {
			isa = XCBuildConfiguration;
			buildSettings = {
				ASSETCATALOG_COMPILER_APPICON_NAME = AppIcon;
				DEVELOPMENT_TEAM = "";
				INFOPLIST_FILE = ChatBot/Info.plist;
				LD_RUNPATH_SEARCH_PATHS = "$(inherited) @executable_path/Frameworks";
				PRODUCT_BUNDLE_IDENTIFIER = com.schibsted.chatbot.ChatBot;
				PRODUCT_NAME = "$(TARGET_NAME)";
				SWIFT_VERSION = 3.0;
			};
			name = Debug;
		};
		94182B821CC9139800194DF7 /* Release */ = {
			isa = XCBuildConfiguration;
			buildSettings = {
				ASSETCATALOG_COMPILER_APPICON_NAME = AppIcon;
				DEVELOPMENT_TEAM = "";
				INFOPLIST_FILE = ChatBot/Info.plist;
				LD_RUNPATH_SEARCH_PATHS = "$(inherited) @executable_path/Frameworks";
				PRODUCT_BUNDLE_IDENTIFIER = com.schibsted.chatbot.ChatBot;
				PRODUCT_NAME = "$(TARGET_NAME)";
				SWIFT_VERSION = 3.0;
			};
			name = Release;
		};
		94182B841CC9139800194DF7 /* Debug */ = {
			isa = XCBuildConfiguration;
			buildSettings = {
				BUNDLE_LOADER = "$(TEST_HOST)";
				INFOPLIST_FILE = ChatBotTests/Info.plist;
				LD_RUNPATH_SEARCH_PATHS = "$(inherited) @executable_path/Frameworks @loader_path/Frameworks";
				PRODUCT_BUNDLE_IDENTIFIER = com.schibsted.chatbot.ChatBotTests;
				PRODUCT_NAME = "$(TARGET_NAME)";
				SWIFT_VERSION = 3.0;
				TEST_HOST = "$(BUILT_PRODUCTS_DIR)/ChatBot.app/ChatBot";
			};
			name = Debug;
		};
		94182B851CC9139800194DF7 /* Release */ = {
			isa = XCBuildConfiguration;
			buildSettings = {
				BUNDLE_LOADER = "$(TEST_HOST)";
				INFOPLIST_FILE = ChatBotTests/Info.plist;
				LD_RUNPATH_SEARCH_PATHS = "$(inherited) @executable_path/Frameworks @loader_path/Frameworks";
				PRODUCT_BUNDLE_IDENTIFIER = com.schibsted.chatbot.ChatBotTests;
				PRODUCT_NAME = "$(TARGET_NAME)";
				SWIFT_VERSION = 3.0;
				TEST_HOST = "$(BUILT_PRODUCTS_DIR)/ChatBot.app/ChatBot";
			};
			name = Release;
		};
		94182B871CC9139800194DF7 /* Debug */ = {
			isa = XCBuildConfiguration;
			buildSettings = {
				INFOPLIST_FILE = ChatBotUITests/Info.plist;
				LD_RUNPATH_SEARCH_PATHS = "$(inherited) @executable_path/Frameworks @loader_path/Frameworks";
				PRODUCT_BUNDLE_IDENTIFIER = com.schibsted.chatbot.ChatBotUITests;
				PRODUCT_NAME = "$(TARGET_NAME)";
				SWIFT_VERSION = 3.0;
				TEST_TARGET_NAME = ChatBot;
			};
			name = Debug;
		};
		94182B881CC9139800194DF7 /* Release */ = {
			isa = XCBuildConfiguration;
			buildSettings = {
				INFOPLIST_FILE = ChatBotUITests/Info.plist;
				LD_RUNPATH_SEARCH_PATHS = "$(inherited) @executable_path/Frameworks @loader_path/Frameworks";
				PRODUCT_BUNDLE_IDENTIFIER = com.schibsted.chatbot.ChatBotUITests;
				PRODUCT_NAME = "$(TARGET_NAME)";
				SWIFT_VERSION = 3.0;
				TEST_TARGET_NAME = ChatBot;
			};
			name = Release;
		};
/* End XCBuildConfiguration section */

/* Begin XCConfigurationList section */
		94182B531CC9139700194DF7 /* Build configuration list for PBXProject "ChatBot" */ = {
			isa = XCConfigurationList;
			buildConfigurations = (
				94182B7E1CC9139800194DF7 /* Debug */,
				94182B7F1CC9139800194DF7 /* Release */,
			);
			defaultConfigurationIsVisible = 0;
			defaultConfigurationName = Release;
		};
		94182B801CC9139800194DF7 /* Build configuration list for PBXNativeTarget "ChatBot" */ = {
			isa = XCConfigurationList;
			buildConfigurations = (
				94182B811CC9139800194DF7 /* Debug */,
				94182B821CC9139800194DF7 /* Release */,
			);
			defaultConfigurationIsVisible = 0;
			defaultConfigurationName = Release;
		};
		94182B831CC9139800194DF7 /* Build configuration list for PBXNativeTarget "ChatBotTests" */ = {
			isa = XCConfigurationList;
			buildConfigurations = (
				94182B841CC9139800194DF7 /* Debug */,
				94182B851CC9139800194DF7 /* Release */,
			);
			defaultConfigurationIsVisible = 0;
			defaultConfigurationName = Release;
		};
		94182B861CC9139800194DF7 /* Build configuration list for PBXNativeTarget "ChatBotUITests" */ = {
			isa = XCConfigurationList;
			buildConfigurations = (
				94182B871CC9139800194DF7 /* Debug */,
				94182B881CC9139800194DF7 /* Release */,
			);
			defaultConfigurationIsVisible = 0;
			defaultConfigurationName = Release;
		};
/* End XCConfigurationList section */
	};
	rootObject = 94182B501CC9139700194DF7 /* Project object */;
}
